{
  "name": "Project-website-MSW",
  "lockfileVersion": 2,
  "requires": true,
  "packages": {
    "": {
      "dependencies": {
        "playfab-web-sdk": "^1.140.230320"
      }
    },
    "node_modules/playfab-web-sdk": {
      "version": "1.140.230320",
      "resolved": "https://registry.npmjs.org/playfab-web-sdk/-/playfab-web-sdk-1.140.230320.tgz",
      "integrity": "sha512-Mxn+2vQa0rQ3wDlv2/JAiE24B4PlMl5JdJex6x8HNqzN4XDiB4z9Evf8puYNjgc5QW6q0d1A+g6ind2UefjDxg=="
    }
  },
  "dependencies": {
    "playfab-web-sdk": {
      "version": "1.140.230320",
      "resolved": "https://registry.npmjs.org/playfab-web-sdk/-/playfab-web-sdk-1.140.230320.tgz",
      "integrity": "sha512-Mxn+2vQa0rQ3wDlv2/JAiE24B4PlMl5JdJex6x8HNqzN4XDiB4z9Evf8puYNjgc5QW6q0d1A+g6ind2UefjDxg=="
    }
  }
}
